// !$*UTF8*$!
{
	archiveVersion = 1;
	classes = {
	};
	objectVersion = 46;
	objects = {

/* Begin PBXBuildFile section */
		4C96D4451CE3A9A00004E188 /* main.m in Sources */ = {isa = PBXBuildFile; fileRef = 4C96D4441CE3A9A00004E188 /* main.m */; };
		4C96D4481CE3A9A00004E188 /* AppDelegate.m in Sources */ = {isa = PBXBuildFile; fileRef = 4C96D4471CE3A9A00004E188 /* AppDelegate.m */; };
		4C96D44B1CE3A9A00004E188 /* ViewController.m in Sources */ = {isa = PBXBuildFile; fileRef = 4C96D44A1CE3A9A00004E188 /* ViewController.m */; };
		4C96D44E1CE3A9A00004E188 /* Main.storyboard in Resources */ = {isa = PBXBuildFile; fileRef = 4C96D44C1CE3A9A00004E188 /* Main.storyboard */; };
		4C96D4501CE3A9A00004E188 /* Assets.xcassets in Resources */ = {isa = PBXBuildFile; fileRef = 4C96D44F1CE3A9A00004E188 /* Assets.xcassets */; };
		4C96D4531CE3A9A00004E188 /* LaunchScreen.storyboard in Resources */ = {isa = PBXBuildFile; fileRef = 4C96D4511CE3A9A00004E188 /* LaunchScreen.storyboard */; };
		4C96D45C1CE3AA800004E188 /* MagicBallBrain.m in Sources */ = {isa = PBXBuildFile; fileRef = 4C96D45B1CE3AA800004E188 /* MagicBallBrain.m */; };
		4C96D45E1CE3AA8F0004E188 /* magic.jpg in Resources */ = {isa = PBXBuildFile; fileRef = 4C96D45D1CE3AA8F0004E188 /* magic.jpg */; };
/* End PBXBuildFile section */

/* Begin PBXFileReference section */
		4C96D4401CE3A9A00004E188 /* MagicBall.app */ = {isa = PBXFileReference; explicitFileType = wrapper.application; includeInIndex = 0; path = MagicBall.app; sourceTree = BUILT_PRODUCTS_DIR; };
		4C96D4441CE3A9A00004E188 /* main.m */ = {isa = PBXFileReference; lastKnownFileType = sourcecode.c.objc; path = main.m; sourceTree = "<group>"; };
		4C96D4461CE3A9A00004E188 /* AppDelegate.h */ = {isa = PBXFileReference; lastKnownFileType = sourcecode.c.h; path = AppDelegate.h; sourceTree = "<group>"; };
		4C96D4471CE3A9A00004E188 /* AppDelegate.m */ = {isa = PBXFileReference; lastKnownFileType = sourcecode.c.objc; path = AppDelegate.m; sourceTree = "<group>"; };
		4C96D4491CE3A9A00004E188 /* ViewController.h */ = {isa = PBXFileReference; lastKnownFileType = sourcecode.c.h; path = ViewController.h; sourceTree = "<group>"; };
		4C96D44A1CE3A9A00004E188 /* ViewController.m */ = {isa = PBXFileReference; lastKnownFileType = sourcecode.c.objc; path = ViewController.m; sourceTree = "<group>"; };
		4C96D44D1CE3A9A00004E188 /* Base */ = {isa = PBXFileReference; lastKnownFileType = file.storyboard; name = Base; path = Base.lproj/Main.storyboard; sourceTree = "<group>"; };
		4C96D44F1CE3A9A00004E188 /* Assets.xcassets */ = {isa = PBXFileReference; lastKnownFileType = folder.assetcatalog; path = Assets.xcassets; sourceTree = "<group>"; };
		4C96D4521CE3A9A00004E188 /* Base */ = {isa = PBXFileReference; lastKnownFileType = file.storyboard; name = Base; path = Base.lproj/LaunchScreen.storyboard; sourceTree = "<group>"; };
		4C96D4541CE3A9A00004E188 /* Info.plist */ = {isa = PBXFileReference; lastKnownFileType = text.plist.xml; path = Info.plist; sourceTree = "<group>"; };
		4C96D45A1CE3AA800004E188 /* MagicBallBrain.h */ = {isa = PBXFileReference; fileEncoding = 4; lastKnownFileType = sourcecode.c.h; name = MagicBallBrain.h; path = ../../Magic8Ball/Magic8Ball/MagicBallBrain.h; sourceTree = "<group>"; };
		4C96D45B1CE3AA800004E188 /* MagicBallBrain.m */ = {isa = PBXFileReference; fileEncoding = 4; lastKnownFileType = sourcecode.c.objc; name = MagicBallBrain.m; path = ../../Magic8Ball/Magic8Ball/MagicBallBrain.m; sourceTree = "<group>"; };
		4C96D45D1CE3AA8F0004E188 /* magic.jpg */ = {isa = PBXFileReference; lastKnownFileType = image.jpeg; name = magic.jpg; path = ../../magic.jpg; sourceTree = "<group>"; };
/* End PBXFileReference section */

/* Begin PBXFrameworksBuildPhase section */
		4C96D43D1CE3A9A00004E188 /* Frameworks */ = {
			isa = PBXFrameworksBuildPhase;
			buildActionMask = 2147483647;
			files = (
			);
			runOnlyForDeploymentPostprocessing = 0;
		};
/* End PBXFrameworksBuildPhase section */

/* Begin PBXGroup section */
		4C96D4371CE3A9A00004E188 = {
			isa = PBXGroup;
			children = (
				4C96D4421CE3A9A00004E188 /* MagicBall */,
				4C96D4411CE3A9A00004E188 /* Products */,
			);
			sourceTree = "<group>";
		};
		4C96D4411CE3A9A00004E188 /* Products */ = {
			isa = PBXGroup;
			children = (
				4C96D4401CE3A9A00004E188 /* MagicBall.app */,
			);
			name = Products;
			sourceTree = "<group>";
		};
		4C96D4421CE3A9A00004E188 /* MagicBall */ = {
			isa = PBXGroup;
			children = (
				4C96D45D1CE3AA8F0004E188 /* magic.jpg */,
				4C96D45A1CE3AA800004E188 /* MagicBallBrain.h */,
				4C96D45B1CE3AA800004E188 /* MagicBallBrain.m */,
				4C96D4461CE3A9A00004E188 /* AppDelegate.h */,
				4C96D4471CE3A9A00004E188 /* AppDelegate.m */,
				4C96D4491CE3A9A00004E188 /* ViewController.h */,
				4C96D44A1CE3A9A00004E188 /* ViewController.m */,
				4C96D44C1CE3A9A00004E188 /* Main.storyboard */,
				4C96D44F1CE3A9A00004E188 /* Assets.xcassets */,
				4C96D4511CE3A9A00004E188 /* LaunchScreen.storyboard */,
				4C96D4541CE3A9A00004E188 /* Info.plist */,
				4C96D4431CE3A9A00004E188 /* Supporting Files */,
			);
			path = MagicBall;
			sourceTree = "<group>";
		};
		4C96D4431CE3A9A00004E188 /* Supporting Files */ = {
			isa = PBXGroup;
			children = (
				4C96D4441CE3A9A00004E188 /* main.m */,
			);
			name = "Supporting Files";
			sourceTree = "<group>";
		};
/* End PBXGroup section */

/* Begin PBXNativeTarget section */
		4C96D43F1CE3A9A00004E188 /* MagicBall */ = {
			isa = PBXNativeTarget;
			buildConfigurationList = 4C96D4571CE3A9A00004E188 /* Build configuration list for PBXNativeTarget "MagicBall" */;
			buildPhases = (
				4C96D43C1CE3A9A00004E188 /* Sources */,
				4C96D43D1CE3A9A00004E188 /* Frameworks */,
				4C96D43E1CE3A9A00004E188 /* Resources */,
			);
			buildRules = (
			);
			dependencies = (
			);
			name = MagicBall;
			productName = MagicBall;
			productReference = 4C96D4401CE3A9A00004E188 /* MagicBall.app */;
			productType = "com.apple.product-type.application";
		};
/* End PBXNativeTarget section */

/* Begin PBXProject section */
		4C96D4381CE3A9A00004E188 /* Project object */ = {
			isa = PBXProject;
			attributes = {
				LastUpgradeCheck = 0720;
				ORGANIZATIONNAME = epita;
				TargetAttributes = {
					4C96D43F1CE3A9A00004E188 = {
						CreatedOnToolsVersion = 7.2.1;
					};
				};
			};
			buildConfigurationList = 4C96D43B1CE3A9A00004E188 /* Build configuration list for PBXProject "MagicBall" */;
			compatibilityVersion = "Xcode 3.2";
			developmentRegion = English;
			hasScannedForEncodings = 0;
			knownRegions = (
				en,
				Base,
			);
			mainGroup = 4C96D4371CE3A9A00004E188;
			productRefGroup = 4C96D4411CE3A9A00004E188 /* Products */;
			projectDirPath = "";
			projectRoot = "";
			targets = (
				4C96D43F1CE3A9A00004E188 /* MagicBall */,
			);
		};
/* End PBXProject section */

/* Begin PBXResourcesBuildPhase section */
		4C96D43E1CE3A9A00004E188 /* Resources */ = {
			isa = PBXResourcesBuildPhase;
			buildActionMask = 2147483647;
			files = (
				4C96D4531CE3A9A00004E188 /* LaunchScreen.storyboard in Resources */,
				4C96D45E1CE3AA8F0004E188 /* magic.jpg in Resources */,
				4C96D4501CE3A9A00004E188 /* Assets.xcassets in Resources */,
				4C96D44E1CE3A9A00004E188 /* Main.storyboard in Resources */,
			);
			runOnlyForDeploymentPostprocessing = 0;
		};
/* End PBXResourcesBuildPhase section */

/* Begin PBXSourcesBuildPhase section */
		4C96D43C1CE3A9A00004E188 /* Sources */ = {
			isa = PBXSourcesBuildPhase;
			buildActionMask = 2147483647;
			files = (
				4C96D44B1CE3A9A00004E188 /* ViewController.m in Sources */,
				4C96D4481CE3A9A00004E188 /* AppDelegate.m in Sources */,
				4C96D4451CE3A9A00004E188 /* main.m in Sources */,
				4C96D45C1CE3AA800004E188 /* MagicBallBrain.m in Sources */,
			);
			runOnlyForDeploymentPostprocessing = 0;
		};
/* End PBXSourcesBuildPhase section */

/* Begin PBXVariantGroup section */
		4C96D44C1CE3A9A00004E188 /* Main.storyboard */ = {
			isa = PBXVariantGroup;
			children = (
				4C96D44D1CE3A9A00004E188 /* Base */,
			);
			name = Main.storyboard;
			sourceTree = "<group>";
		};
		4C96D4511CE3A9A00004E188 /* LaunchScreen.storyboard */ = {
			isa = PBXVariantGroup;
			children = (
				4C96D4521CE3A9A00004E188 /* Base */,
			);
			name = LaunchScreen.storyboard;
			sourceTree = "<group>";
		};
/* End PBXVariantGroup section */

/* Begin XCBuildConfiguration section */
		4C96D4551CE3A9A00004E188 /* Debug */ = {
			isa = XCBuildConfiguration;
			buildSettings = {
				ALWAYS_SEARCH_USER_PATHS = NO;
				CLANG_CXX_LANGUAGE_STANDARD = "gnu++0x";
				CLANG_CXX_LIBRARY = "libc++";
				CLANG_ENABLE_MODULES = YES;
				CLANG_ENABLE_OBJC_ARC = YES;
				CLANG_WARN_BOOL_CONVERSION = YES;
				CLANG_WARN_CONSTANT_CONVERSION = YES;
				CLANG_WARN_DIRECT_OBJC_ISA_USAGE = YES_ERROR;
				CLANG_WARN_EMPTY_BODY = YES;
				CLANG_WARN_ENUM_CONVERSION = YES;
				CLANG_WARN_INT_CONVERSION = YES;
				CLANG_WARN_OBJC_ROOT_CLASS = YES_ERROR;
				CLANG_WARN_UNREACHABLE_CODE = YES;
				CLANG_WARN__DUPLICATE_METHOD_MATCH = YES;
				"CODE_SIGN_IDENTITY[sdk=iphoneos*]" = "iPhone Developer";
				COPY_PHASE_STRIP = NO;
				DEBUG_INFORMATION_FORMAT = dwarf;
				ENABLE_STRICT_OBJC_MSGSEND = YES;
				ENABLE_TESTABILITY = YES;
				GCC_C_LANGUAGE_STANDARD = gnu99;
				GCC_DYNAMIC_NO_PIC = NO;
				GCC_NO_COMMON_BLOCKS = YES;
				GCC_OPTIMIZATION_LEVEL = 0;
				GCC_PREPROCESSOR_DEFINITIONS = (
					"DEBUG=1",
					"$(inherited)",
				);
				GCC_WARN_64_TO_32_BIT_CONVERSION = YES;
				GCC_WARN_ABOUT_RETURN_TYPE = YES_ERROR;
				GCC_WARN_UNDECLARED_SELECTOR = YES;
				GCC_WARN_UNINITIALIZED_AUTOS = YES_AGGRESSIVE;
				GCC_WARN_UNUSED_FUNCTION = YES;
				GCC_WARN_UNUSED_VARIABLE = YES;
				IPHONEOS_DEPLOYMENT_TARGET = 9.2;
				MTL_ENABLE_DEBUG_INFO = YES;
				ONLY_ACTIVE_ARCH = YES;
				SDKROOT = iphoneos;
			};
			name = Debug;
		};
		4C96D4561CE3A9A00004E188 /* Release */ = {
			isa = XCBuildConfiguration;
			buildSettings = {
				ALWAYS_SEARCH_USER_PATHS = NO;
				CLANG_CXX_LANGUAGE_STANDARD = "gnu++0x";
				CLANG_CXX_LIBRARY = "libc++";
				CLANG_ENABLE_MODULES = YES;
				CLANG_ENABLE_OBJC_ARC = YES;
				CLANG_WARN_BOOL_CONVERSION = YES;
				CLANG_WARN_CONSTANT_CONVERSION = YES;
				CLANG_WARN_DIRECT_OBJC_ISA_USAGE = YES_ERROR;
				CLANG_WARN_EMPTY_BODY = YES;
				CLANG_WARN_ENUM_CONVERSION = YES;
				CLANG_WARN_INT_CONVERSION = YES;
				CLANG_WARN_OBJC_ROOT_CLASS = YES_ERROR;
				CLANG_WARN_UNREACHABLE_CODE = YES;
				CLANG_WARN__DUPLICATE_METHOD_MATCH = YES;
				"CODE_SIGN_IDENTITY[sdk=iphoneos*]" = "iPhone Developer";
				COPY_PHASE_STRIP = NO;
				DEBUG_INFORMATION_FORMAT = "dwarf-with-dsym";
				ENABLE_NS_ASSERTIONS = NO;
				ENABLE_STRICT_OBJC_MSGSEND = YES;
				GCC_C_LANGUAGE_STANDARD = gnu99;
				GCC_NO_COMMON_BLOCKS = YES;
				GCC_WARN_64_TO_32_BIT_CONVERSION = YES;
				GCC_WARN_ABOUT_RETURN_TYPE = YES_ERROR;
				GCC_WARN_UNDECLARED_SELECTOR = YES;
				GCC_WARN_UNINITIALIZED_AUTOS = YES_AGGRESSIVE;
				GCC_WARN_UNUSED_FUNCTION = YES;
				GCC_WARN_UNUSED_VARIABLE = YES;
				IPHONEOS_DEPLOYMENT_TARGET = 9.2;
				MTL_ENABLE_DEBUG_INFO = NO;
				SDKROOT = iphoneos;
				VALIDATE_PRODUCT = YES;
			};
			name = Release;
		};
		4C96D4581CE3A9A00004E188 /* Debug */ = {
			isa = XCBuildConfiguration;
			buildSettings = {
				ASSETCATALOG_COMPILER_APPICON_NAME = AppIcon;
				INFOPLIST_FILE = MagicBall/Info.plist;
				LD_RUNPATH_SEARCH_PATHS = "$(inherited) @executable_path/Frameworks";
				PRODUCT_BUNDLE_IDENTIFIER = RTV.MagicBall;
				PRODUCT_NAME = "$(TARGET_NAME)";
			};
			name = Debug;
		};
		4C96D4591CE3A9A00004E188 /* Release */ = {
			isa = XCBuildConfiguration;
			buildSettings = {
				ASSETCATALOG_COMPILER_APPICON_NAME = AppIcon;
				INFOPLIST_FILE = MagicBall/Info.plist;
				LD_RUNPATH_SEARCH_PATHS = "$(inherited) @executable_path/Frameworks";
				PRODUCT_BUNDLE_IDENTIFIER = RTV.MagicBall;
				PRODUCT_NAME = "$(TARGET_NAME)";
			};
			name = Release;
		};
/* End XCBuildConfiguration section */

/* Begin XCConfigurationList section */
		4C96D43B1CE3A9A00004E188 /* Build configuration list for PBXProject "MagicBall" */ = {
			isa = XCConfigurationList;
			buildConfigurations = (
				4C96D4551CE3A9A00004E188 /* Debug */,
				4C96D4561CE3A9A00004E188 /* Release */,
			);
			defaultConfigurationIsVisible = 0;
			defaultConfigurationName = Release;
		};
		4C96D4571CE3A9A00004E188 /* Build configuration list for PBXNativeTarget "MagicBall" */ = {
			isa = XCConfigurationList;
			buildConfigurations = (
				4C96D4581CE3A9A00004E188 /* Debug */,
				4C96D4591CE3A9A00004E188 /* Release */,
			);
			defaultConfigurationIsVisible = 0;
		};
/* End XCConfigurationList section */
	};
	rootObject = 4C96D4381CE3A9A00004E188 /* Project object */;
}
